github.com/KyleBanks/dockerstats v0.0.0-20230525155409-5a20400da8a2 h1:MX2thoIy5+5kRek43VAA9wxRcHcGjm0iJyiarUq/GOI=
github.com/KyleBanks/dockerstats v0.0.0-20230525155409-5a20400da8a2/go.mod h1:93Q/nFFqAIISN2SRl4XjArIA0a6Bla+PfjP/ixU5BDw=
github.com/joho/godotenv v1.5.1 h1:7eLL/+HRGLY0ldzfGMeQkb7vMd0as4CfYvUVzLqw0N0=
github.com/joho/godotenv v1.5.1/go.mod h1:f4LDr5Voq0i2e/R5DDNOoa2zzDfwtkZa6DnEwAbqwq4=
